
Microsoft Visual Studio Solution File, Format Version 12.00
# Visual Studio 15
VisualStudioVersion = 15.0.28307.1209
MinimumVisualStudioVersion = 10.0.40219.1
Project("{FAE04EC0-301F-11D3-BF4B-00C04F79EFBC}") = "Task6", "Task6\Task6.csproj", "{B155597E-FAD0-4A2A-8D10-9D4825127DB0}"
EndProject
Global
	GlobalSection(SolutionConfigurationPlatforms) = preSolution
		Debug|Any CPU = Debug|Any CPU
		Release|Any CPU = Release|Any CPU
	EndGlobalSection
	GlobalSection(ProjectConfigurationPlatforms) = postSolution
		{B155597E-FAD0-4A2A-8D10-9D4825127DB0}.Debug|Any CPU.ActiveCfg = Debug|Any CPU
		{B155597E-FAD0-4A2A-8D10-9D4825127DB0}.Debug|Any CPU.Build.0 = Debug|Any CPU
		{B155597E-FAD0-4A2A-8D10-9D4825127DB0}.Release|Any CPU.ActiveCfg = Release|Any CPU
		{B155597E-FAD0-4A2A-8D10-9D4825127DB0}.Release|Any CPU.Build.0 = Release|Any CPU
	EndGlobalSection
	GlobalSection(SolutionProperties) = preSolution
		HideSolutionNode = FALSE
	EndGlobalSection
	GlobalSection(ExtensibilityGlobals) = postSolution
		SolutionGuid = {24F9AD7C-4E2A-4077-B536-995F8FF390D3}
	EndGlobalSection
EndGlobal
